
Microsoft Visual Studio Solution File, Format Version 12.00
# Visual Studio Version 17
VisualStudioVersion = 17.13.35931.197 d17.13
MinimumVisualStudioVersion = 10.0.40219.1
Project("{FAE04EC0-301F-11D3-BF4B-00C04F79EFBC}") = "DatabaseGenerator", "DatabaseGenerator\DatabaseGenerator.csproj", "{4945FCE8-F26B-4364-A750-37EFC267E069}"
EndProject
Global
	GlobalSection(SolutionConfigurationPlatforms) = preSolution
		Debug|Any CPU = Debug|Any CPU
		Release|Any CPU = Release|Any CPU
	EndGlobalSection
	GlobalSection(ProjectConfigurationPlatforms) = postSolution
		{4945FCE8-F26B-4364-A750-37EFC267E069}.Debug|Any CPU.ActiveCfg = Debug|Any CPU
		{4945FCE8-F26B-4364-A750-37EFC267E069}.Debug|Any CPU.Build.0 = Debug|Any CPU
		{4945FCE8-F26B-4364-A750-37EFC267E069}.Release|Any CPU.ActiveCfg = Release|Any CPU
		{4945FCE8-F26B-4364-A750-37EFC267E069}.Release|Any CPU.Build.0 = Release|Any CPU
	EndGlobalSection
	GlobalSection(SolutionProperties) = preSolution
		HideSolutionNode = FALSE
	EndGlobalSection
	GlobalSection(ExtensibilityGlobals) = postSolution
		SolutionGuid = {939EE81C-61E7-4C72-835E-661BF5B4105C}
	EndGlobalSection
EndGlobal
